// !$*UTF8*$!
{
	archiveVersion = 1;
	classes = {
	};
	objectVersion = 56;
	objects = {

/* Begin PBXBuildFile section */
		FA9687E92B8338E100123476 /* NamedNode.swift in Sources */ = {isa = PBXBuildFile; fileRef = FA9687E82B8338E100123476 /* NamedNode.swift */; };
		FA9687EB2B833C1700123476 /* RuntimeObjectType.swift in Sources */ = {isa = PBXBuildFile; fileRef = FA9687EA2B833C1700123476 /* RuntimeObjectType.swift */; };
		FA9687ED2B833C3200123476 /* RuntimeObjectDetail.swift in Sources */ = {isa = PBXBuildFile; fileRef = FA9687EC2B833C3200123476 /* RuntimeObjectDetail.swift */; };
		FA9687EF2B833D5F00123476 /* RuntimeObjectRow.swift in Sources */ = {isa = PBXBuildFile; fileRef = FA9687EE2B833D5F00123476 /* RuntimeObjectRow.swift */; };
		FAD661F82B81D1210000D2A6 /* HeaderViewerApp.swift in Sources */ = {isa = PBXBuildFile; fileRef = FAD661F72B81D1210000D2A6 /* HeaderViewerApp.swift */; };
		FAD661FA2B81D1210000D2A6 /* ContentView.swift in Sources */ = {isa = PBXBuildFile; fileRef = FAD661F92B81D1210000D2A6 /* ContentView.swift */; };
		FAD661FC2B81D1220000D2A6 /* Assets.xcassets in Resources */ = {isa = PBXBuildFile; fileRef = FAD661FB2B81D1220000D2A6 /* Assets.xcassets */; };
		FAE3C1712B81F7B700242A99 /* ClassDump.framework in Frameworks */ = {isa = PBXBuildFile; fileRef = FAD6620C2B81D2990000D2A6 /* ClassDump.framework */; };
		FAE3C1722B81F7B700242A99 /* ClassDump.framework in Embed Frameworks */ = {isa = PBXBuildFile; fileRef = FAD6620C2B81D2990000D2A6 /* ClassDump.framework */; settings = {ATTRIBUTES = (CodeSignOnCopy, RemoveHeadersOnCopy, ); }; };
/* End PBXBuildFile section */

/* Begin PBXContainerItemProxy section */
		FAD6620B2B81D2990000D2A6 /* PBXContainerItemProxy */ = {
			isa = PBXContainerItemProxy;
			containerPortal = FAD662062B81D2990000D2A6 /* ClassDump.xcodeproj */;
			proxyType = 2;
			remoteGlobalIDString = FA2A00DC23ADD19D00B52F1D;
			remoteInfo = ClassDump;
		};
		FAD6620D2B81D2990000D2A6 /* PBXContainerItemProxy */ = {
			isa = PBXContainerItemProxy;
			containerPortal = FAD662062B81D2990000D2A6 /* ClassDump.xcodeproj */;
			proxyType = 2;
			remoteGlobalIDString = FA2A011923AEB15700B52F1D;
			remoteInfo = ClassDumpTests;
		};
		FAE3C16F2B81F7AC00242A99 /* PBXContainerItemProxy */ = {
			isa = PBXContainerItemProxy;
			containerPortal = FAD662062B81D2990000D2A6 /* ClassDump.xcodeproj */;
			proxyType = 1;
			remoteGlobalIDString = FA2A00DB23ADD19D00B52F1D;
			remoteInfo = ClassDump;
		};
/* End PBXContainerItemProxy section */

/* Begin PBXCopyFilesBuildPhase section */
		FAE3C1732B81F7B700242A99 /* Embed Frameworks */ = {
			isa = PBXCopyFilesBuildPhase;
			buildActionMask = 2147483647;
			dstPath = "";
			dstSubfolderSpec = 10;
			files = (
				FAE3C1722B81F7B700242A99 /* ClassDump.framework in Embed Frameworks */,
			);
			name = "Embed Frameworks";
			runOnlyForDeploymentPostprocessing = 0;
		};
/* End PBXCopyFilesBuildPhase section */

/* Begin PBXFileReference section */
		FA9687E72B82E37E00123476 /* Info.plist */ = {isa = PBXFileReference; lastKnownFileType = text.plist; path = Info.plist; sourceTree = "<group>"; };
		FA9687E82B8338E100123476 /* NamedNode.swift */ = {isa = PBXFileReference; lastKnownFileType = sourcecode.swift; path = NamedNode.swift; sourceTree = "<group>"; };
		FA9687EA2B833C1700123476 /* RuntimeObjectType.swift */ = {isa = PBXFileReference; lastKnownFileType = sourcecode.swift; path = RuntimeObjectType.swift; sourceTree = "<group>"; };
		FA9687EC2B833C3200123476 /* RuntimeObjectDetail.swift */ = {isa = PBXFileReference; lastKnownFileType = sourcecode.swift; path = RuntimeObjectDetail.swift; sourceTree = "<group>"; };
		FA9687EE2B833D5F00123476 /* RuntimeObjectRow.swift */ = {isa = PBXFileReference; lastKnownFileType = sourcecode.swift; path = RuntimeObjectRow.swift; sourceTree = "<group>"; };
		FAD661F42B81D1210000D2A6 /* HeaderViewer.app */ = {isa = PBXFileReference; explicitFileType = wrapper.application; includeInIndex = 0; path = HeaderViewer.app; sourceTree = BUILT_PRODUCTS_DIR; };
		FAD661F72B81D1210000D2A6 /* HeaderViewerApp.swift */ = {isa = PBXFileReference; lastKnownFileType = sourcecode.swift; path = HeaderViewerApp.swift; sourceTree = "<group>"; };
		FAD661F92B81D1210000D2A6 /* ContentView.swift */ = {isa = PBXFileReference; lastKnownFileType = sourcecode.swift; path = ContentView.swift; sourceTree = "<group>"; };
		FAD661FB2B81D1220000D2A6 /* Assets.xcassets */ = {isa = PBXFileReference; lastKnownFileType = folder.assetcatalog; path = Assets.xcassets; sourceTree = "<group>"; };
		FAD661FD2B81D1220000D2A6 /* HeaderViewer.entitlements */ = {isa = PBXFileReference; lastKnownFileType = text.plist.entitlements; path = HeaderViewer.entitlements; sourceTree = "<group>"; };
		FAD662062B81D2990000D2A6 /* ClassDump.xcodeproj */ = {isa = PBXFileReference; lastKnownFileType = "wrapper.pb-project"; name = ClassDump.xcodeproj; path = ClassDumpRuntime/ClassDump.xcodeproj; sourceTree = "<group>"; };
/* End PBXFileReference section */

/* Begin PBXFrameworksBuildPhase section */
		FAD661F12B81D1210000D2A6 /* Frameworks */ = {
			isa = PBXFrameworksBuildPhase;
			buildActionMask = 2147483647;
			files = (
				FAE3C1712B81F7B700242A99 /* ClassDump.framework in Frameworks */,
			);
			runOnlyForDeploymentPostprocessing = 0;
		};
/* End PBXFrameworksBuildPhase section */

/* Begin PBXGroup section */
		FAD661EB2B81D1210000D2A6 = {
			isa = PBXGroup;
			children = (
				FAD662062B81D2990000D2A6 /* ClassDump.xcodeproj */,
				FAD661F62B81D1210000D2A6 /* HeaderViewer */,
				FAD661F52B81D1210000D2A6 /* Products */,
				FAD6620F2B81D2C90000D2A6 /* Frameworks */,
			);
			sourceTree = "<group>";
		};
		FAD661F52B81D1210000D2A6 /* Products */ = {
			isa = PBXGroup;
			children = (
				FAD661F42B81D1210000D2A6 /* HeaderViewer.app */,
			);
			name = Products;
			sourceTree = "<group>";
		};
		FAD661F62B81D1210000D2A6 /* HeaderViewer */ = {
			isa = PBXGroup;
			children = (
				FAD661F72B81D1210000D2A6 /* HeaderViewerApp.swift */,
				FAD661F92B81D1210000D2A6 /* ContentView.swift */,
				FA9687E82B8338E100123476 /* NamedNode.swift */,
				FA9687EA2B833C1700123476 /* RuntimeObjectType.swift */,
				FA9687EE2B833D5F00123476 /* RuntimeObjectRow.swift */,
				FA9687EC2B833C3200123476 /* RuntimeObjectDetail.swift */,
				FA9687E72B82E37E00123476 /* Info.plist */,
				FAD661FB2B81D1220000D2A6 /* Assets.xcassets */,
				FAD661FD2B81D1220000D2A6 /* HeaderViewer.entitlements */,
			);
			path = HeaderViewer;
			sourceTree = "<group>";
		};
		FAD662072B81D2990000D2A6 /* Products */ = {
			isa = PBXGroup;
			children = (
				FAD6620C2B81D2990000D2A6 /* ClassDump.framework */,
				FAD6620E2B81D2990000D2A6 /* ClassDumpTests.xctest */,
			);
			name = Products;
			sourceTree = "<group>";
		};
		FAD6620F2B81D2C90000D2A6 /* Frameworks */ = {
			isa = PBXGroup;
			children = (
			);
			name = Frameworks;
			sourceTree = "<group>";
		};
/* End PBXGroup section */

/* Begin PBXNativeTarget section */
		FAD661F32B81D1210000D2A6 /* HeaderViewer */ = {
			isa = PBXNativeTarget;
			buildConfigurationList = FAD662032B81D1220000D2A6 /* Build configuration list for PBXNativeTarget "HeaderViewer" */;
			buildPhases = (
				FAD661F02B81D1210000D2A6 /* Sources */,
				FAD661F12B81D1210000D2A6 /* Frameworks */,
				FAD661F22B81D1210000D2A6 /* Resources */,
				FAE3C1732B81F7B700242A99 /* Embed Frameworks */,
			);
			buildRules = (
			);
			dependencies = (
				FAE3C1702B81F7AC00242A99 /* PBXTargetDependency */,
			);
			name = HeaderViewer;
			productName = HeaderViewer;
			productReference = FAD661F42B81D1210000D2A6 /* HeaderViewer.app */;
			productType = "com.apple.product-type.application";
		};
/* End PBXNativeTarget section */

/* Begin PBXProject section */
		FAD661EC2B81D1210000D2A6 /* Project object */ = {
			isa = PBXProject;
			attributes = {
				BuildIndependentTargetsInParallel = 1;
				LastSwiftUpdateCheck = 1500;
				LastUpgradeCheck = 1500;
				TargetAttributes = {
					FAD661F32B81D1210000D2A6 = {
						CreatedOnToolsVersion = 15.0.1;
					};
				};
			};
			buildConfigurationList = FAD661EF2B81D1210000D2A6 /* Build configuration list for PBXProject "HeaderViewer" */;
			compatibilityVersion = "Xcode 14.0";
			developmentRegion = en;
			hasScannedForEncodings = 0;
			knownRegions = (
				en,
				Base,
			);
			mainGroup = FAD661EB2B81D1210000D2A6;
			productRefGroup = FAD661F52B81D1210000D2A6 /* Products */;
			projectDirPath = "";
			projectReferences = (
				{
					ProductGroup = FAD662072B81D2990000D2A6 /* Products */;
					ProjectRef = FAD662062B81D2990000D2A6 /* ClassDump.xcodeproj */;
				},
			);
			projectRoot = "";
			targets = (
				FAD661F32B81D1210000D2A6 /* HeaderViewer */,
			);
		};
/* End PBXProject section */

/* Begin PBXReferenceProxy section */
		FAD6620C2B81D2990000D2A6 /* ClassDump.framework */ = {
			isa = PBXReferenceProxy;
			fileType = wrapper.framework;
			path = ClassDump.framework;
			remoteRef = FAD6620B2B81D2990000D2A6 /* PBXContainerItemProxy */;
			sourceTree = BUILT_PRODUCTS_DIR;
		};
		FAD6620E2B81D2990000D2A6 /* ClassDumpTests.xctest */ = {
			isa = PBXReferenceProxy;
			fileType = wrapper.cfbundle;
			path = ClassDumpTests.xctest;
			remoteRef = FAD6620D2B81D2990000D2A6 /* PBXContainerItemProxy */;
			sourceTree = BUILT_PRODUCTS_DIR;
		};
/* End PBXReferenceProxy section */

/* Begin PBXResourcesBuildPhase section */
		FAD661F22B81D1210000D2A6 /* Resources */ = {
			isa = PBXResourcesBuildPhase;
			buildActionMask = 2147483647;
			files = (
				FAD661FC2B81D1220000D2A6 /* Assets.xcassets in Resources */,
			);
			runOnlyForDeploymentPostprocessing = 0;
		};
/* End PBXResourcesBuildPhase section */

/* Begin PBXSourcesBuildPhase section */
		FAD661F02B81D1210000D2A6 /* Sources */ = {
			isa = PBXSourcesBuildPhase;
			buildActionMask = 2147483647;
			files = (
				FA9687E92B8338E100123476 /* NamedNode.swift in Sources */,
				FA9687ED2B833C3200123476 /* RuntimeObjectDetail.swift in Sources */,
				FA9687EF2B833D5F00123476 /* RuntimeObjectRow.swift in Sources */,
				FAD661FA2B81D1210000D2A6 /* ContentView.swift in Sources */,
				FAD661F82B81D1210000D2A6 /* HeaderViewerApp.swift in Sources */,
				FA9687EB2B833C1700123476 /* RuntimeObjectType.swift in Sources */,
			);
			runOnlyForDeploymentPostprocessing = 0;
		};
/* End PBXSourcesBuildPhase section */

/* Begin PBXTargetDependency section */
		FAE3C1702B81F7AC00242A99 /* PBXTargetDependency */ = {
			isa = PBXTargetDependency;
			name = ClassDump;
			platformFilter = ios;
			targetProxy = FAE3C16F2B81F7AC00242A99 /* PBXContainerItemProxy */;
		};
/* End PBXTargetDependency section */

/* Begin XCBuildConfiguration section */
		FAD662012B81D1220000D2A6 /* Debug */ = {
			isa = XCBuildConfiguration;
			buildSettings = {
				ALWAYS_SEARCH_USER_PATHS = NO;
				ASSETCATALOG_COMPILER_GENERATE_SWIFT_ASSET_SYMBOL_EXTENSIONS = YES;
				CLANG_ANALYZER_NONNULL = YES;
				CLANG_ANALYZER_NUMBER_OBJECT_CONVERSION = YES_AGGRESSIVE;
				CLANG_CXX_LANGUAGE_STANDARD = "gnu++20";
				CLANG_ENABLE_MODULES = YES;
				CLANG_ENABLE_OBJC_ARC = YES;
				CLANG_ENABLE_OBJC_WEAK = YES;
				CLANG_WARN_BLOCK_CAPTURE_AUTORELEASING = YES;
				CLANG_WARN_BOOL_CONVERSION = YES;
				CLANG_WARN_COMMA = YES;
				CLANG_WARN_CONSTANT_CONVERSION = YES;
				CLANG_WARN_DEPRECATED_OBJC_IMPLEMENTATIONS = YES;
				CLANG_WARN_DIRECT_OBJC_ISA_USAGE = YES_ERROR;
				CLANG_WARN_DOCUMENTATION_COMMENTS = YES;
				CLANG_WARN_EMPTY_BODY = YES;
				CLANG_WARN_ENUM_CONVERSION = YES;
				CLANG_WARN_INFINITE_RECURSION = YES;
				CLANG_WARN_INT_CONVERSION = YES;
				CLANG_WARN_NON_LITERAL_NULL_CONVERSION = YES;
				CLANG_WARN_OBJC_IMPLICIT_RETAIN_SELF = YES;
				CLANG_WARN_OBJC_LITERAL_CONVERSION = YES;
				CLANG_WARN_OBJC_ROOT_CLASS = YES_ERROR;
				CLANG_WARN_QUOTED_INCLUDE_IN_FRAMEWORK_HEADER = YES;
				CLANG_WARN_RANGE_LOOP_ANALYSIS = YES;
				CLANG_WARN_STRICT_PROTOTYPES = YES;
				CLANG_WARN_SUSPICIOUS_MOVE = YES;
				CLANG_WARN_UNGUARDED_AVAILABILITY = YES_AGGRESSIVE;
				CLANG_WARN_UNREACHABLE_CODE = YES;
				CLANG_WARN__DUPLICATE_METHOD_MATCH = YES;
				COPY_PHASE_STRIP = NO;
				DEBUG_INFORMATION_FORMAT = dwarf;
				ENABLE_STRICT_OBJC_MSGSEND = YES;
				ENABLE_TESTABILITY = YES;
				ENABLE_USER_SCRIPT_SANDBOXING = YES;
				GCC_C_LANGUAGE_STANDARD = gnu17;
				GCC_DYNAMIC_NO_PIC = NO;
				GCC_NO_COMMON_BLOCKS = YES;
				GCC_OPTIMIZATION_LEVEL = 0;
				GCC_PREPROCESSOR_DEFINITIONS = (
					"DEBUG=1",
					"$(inherited)",
				);
				GCC_WARN_64_TO_32_BIT_CONVERSION = YES;
				GCC_WARN_ABOUT_RETURN_TYPE = YES_ERROR;
				GCC_WARN_UNDECLARED_SELECTOR = YES;
				GCC_WARN_UNINITIALIZED_AUTOS = YES_AGGRESSIVE;
				GCC_WARN_UNUSED_FUNCTION = YES;
				GCC_WARN_UNUSED_VARIABLE = YES;
				LOCALIZATION_PREFERS_STRING_CATALOGS = YES;
				MTL_ENABLE_DEBUG_INFO = INCLUDE_SOURCE;
				MTL_FAST_MATH = YES;
				ONLY_ACTIVE_ARCH = YES;
				SWIFT_ACTIVE_COMPILATION_CONDITIONS = "DEBUG $(inherited)";
				SWIFT_OPTIMIZATION_LEVEL = "-Onone";
			};
			name = Debug;
		};
		FAD662022B81D1220000D2A6 /* Release */ = {
			isa = XCBuildConfiguration;
			buildSettings = {
				ALWAYS_SEARCH_USER_PATHS = NO;
				ASSETCATALOG_COMPILER_GENERATE_SWIFT_ASSET_SYMBOL_EXTENSIONS = YES;
				CLANG_ANALYZER_NONNULL = YES;
				CLANG_ANALYZER_NUMBER_OBJECT_CONVERSION = YES_AGGRESSIVE;
				CLANG_CXX_LANGUAGE_STANDARD = "gnu++20";
				CLANG_ENABLE_MODULES = YES;
				CLANG_ENABLE_OBJC_ARC = YES;
				CLANG_ENABLE_OBJC_WEAK = YES;
				CLANG_WARN_BLOCK_CAPTURE_AUTORELEASING = YES;
				CLANG_WARN_BOOL_CONVERSION = YES;
				CLANG_WARN_COMMA = YES;
				CLANG_WARN_CONSTANT_CONVERSION = YES;
				CLANG_WARN_DEPRECATED_OBJC_IMPLEMENTATIONS = YES;
				CLANG_WARN_DIRECT_OBJC_ISA_USAGE = YES_ERROR;
				CLANG_WARN_DOCUMENTATION_COMMENTS = YES;
				CLANG_WARN_EMPTY_BODY = YES;
				CLANG_WARN_ENUM_CONVERSION = YES;
				CLANG_WARN_INFINITE_RECURSION = YES;
				CLANG_WARN_INT_CONVERSION = YES;
				CLANG_WARN_NON_LITERAL_NULL_CONVERSION = YES;
				CLANG_WARN_OBJC_IMPLICIT_RETAIN_SELF = YES;
				CLANG_WARN_OBJC_LITERAL_CONVERSION = YES;
				CLANG_WARN_OBJC_ROOT_CLASS = YES_ERROR;
				CLANG_WARN_QUOTED_INCLUDE_IN_FRAMEWORK_HEADER = YES;
				CLANG_WARN_RANGE_LOOP_ANALYSIS = YES;
				CLANG_WARN_STRICT_PROTOTYPES = YES;
				CLANG_WARN_SUSPICIOUS_MOVE = YES;
				CLANG_WARN_UNGUARDED_AVAILABILITY = YES_AGGRESSIVE;
				CLANG_WARN_UNREACHABLE_CODE = YES;
				CLANG_WARN__DUPLICATE_METHOD_MATCH = YES;
				COPY_PHASE_STRIP = NO;
				DEBUG_INFORMATION_FORMAT = "dwarf-with-dsym";
				ENABLE_NS_ASSERTIONS = NO;
				ENABLE_STRICT_OBJC_MSGSEND = YES;
				ENABLE_USER_SCRIPT_SANDBOXING = YES;
				GCC_C_LANGUAGE_STANDARD = gnu17;
				GCC_NO_COMMON_BLOCKS = YES;
				GCC_WARN_64_TO_32_BIT_CONVERSION = YES;
				GCC_WARN_ABOUT_RETURN_TYPE = YES_ERROR;
				GCC_WARN_UNDECLARED_SELECTOR = YES;
				GCC_WARN_UNINITIALIZED_AUTOS = YES_AGGRESSIVE;
				GCC_WARN_UNUSED_FUNCTION = YES;
				GCC_WARN_UNUSED_VARIABLE = YES;
				LOCALIZATION_PREFERS_STRING_CATALOGS = YES;
				MTL_ENABLE_DEBUG_INFO = NO;
				MTL_FAST_MATH = YES;
				SWIFT_COMPILATION_MODE = wholemodule;
			};
			name = Release;
		};
		FAD662042B81D1220000D2A6 /* Debug */ = {
			isa = XCBuildConfiguration;
			buildSettings = {
				ASSETCATALOG_COMPILER_APPICON_NAME = AppIcon;
				ASSETCATALOG_COMPILER_GLOBAL_ACCENT_COLOR_NAME = AccentColor;
				CODE_SIGN_ENTITLEMENTS = HeaderViewer/HeaderViewer.entitlements;
				CODE_SIGN_STYLE = Automatic;
				CURRENT_PROJECT_VERSION = 1;
				DEVELOPMENT_TEAM = 7P56K8K4MY;
				ENABLE_HARDENED_RUNTIME = YES;
				ENABLE_PREVIEWS = YES;
				GENERATE_INFOPLIST_FILE = YES;
				INFOPLIST_FILE = HeaderViewer/Info.plist;
				INFOPLIST_KEY_LSApplicationCategoryType = "public.app-category.developer-tools";
				"INFOPLIST_KEY_UIApplicationSceneManifest_Generation[sdk=iphoneos*]" = YES;
				"INFOPLIST_KEY_UIApplicationSceneManifest_Generation[sdk=iphonesimulator*]" = YES;
				"INFOPLIST_KEY_UIApplicationSupportsIndirectInputEvents[sdk=iphoneos*]" = YES;
				"INFOPLIST_KEY_UIApplicationSupportsIndirectInputEvents[sdk=iphonesimulator*]" = YES;
				"INFOPLIST_KEY_UILaunchScreen_Generation[sdk=iphoneos*]" = YES;
				"INFOPLIST_KEY_UILaunchScreen_Generation[sdk=iphonesimulator*]" = YES;
				"INFOPLIST_KEY_UIStatusBarStyle[sdk=iphoneos*]" = UIStatusBarStyleDefault;
				"INFOPLIST_KEY_UIStatusBarStyle[sdk=iphonesimulator*]" = UIStatusBarStyleDefault;
				INFOPLIST_KEY_UISupportedInterfaceOrientations_iPad = "UIInterfaceOrientationPortrait UIInterfaceOrientationPortraitUpsideDown UIInterfaceOrientationLandscapeLeft UIInterfaceOrientationLandscapeRight";
				INFOPLIST_KEY_UISupportedInterfaceOrientations_iPhone = "UIInterfaceOrientationPortrait UIInterfaceOrientationLandscapeLeft UIInterfaceOrientationLandscapeRight";
				IPHONEOS_DEPLOYMENT_TARGET = 16.0;
				LD_RUNPATH_SEARCH_PATHS = "@executable_path/Frameworks";
				"LD_RUNPATH_SEARCH_PATHS[sdk=macosx*]" = "@executable_path/../Frameworks";
				MACOSX_DEPLOYMENT_TARGET = 13.0;
				MARKETING_VERSION = 1.0;
				PRODUCT_BUNDLE_IDENTIFIER = null.leptos.HeaderViewer;
				PRODUCT_NAME = "$(TARGET_NAME)";
				SDKROOT = auto;
				SUPPORTED_PLATFORMS = "iphoneos iphonesimulator";
				SUPPORTS_MACCATALYST = YES;
				SWIFT_EMIT_LOC_STRINGS = YES;
				SWIFT_VERSION = 5.0;
				TARGETED_DEVICE_FAMILY = "1,2,6";
			};
			name = Debug;
		};
		FAD662052B81D1220000D2A6 /* Release */ = {
			isa = XCBuildConfiguration;
			buildSettings = {
				ASSETCATALOG_COMPILER_APPICON_NAME = AppIcon;
				ASSETCATALOG_COMPILER_GLOBAL_ACCENT_COLOR_NAME = AccentColor;
				CODE_SIGN_ENTITLEMENTS = HeaderViewer/HeaderViewer.entitlements;
				CODE_SIGN_STYLE = Automatic;
				CURRENT_PROJECT_VERSION = 1;
				DEVELOPMENT_TEAM = 7P56K8K4MY;
				ENABLE_HARDENED_RUNTIME = YES;
				ENABLE_PREVIEWS = YES;
				GENERATE_INFOPLIST_FILE = YES;
				INFOPLIST_FILE = HeaderViewer/Info.plist;
				INFOPLIST_KEY_LSApplicationCategoryType = "public.app-category.developer-tools";
				"INFOPLIST_KEY_UIApplicationSceneManifest_Generation[sdk=iphoneos*]" = YES;
				"INFOPLIST_KEY_UIApplicationSceneManifest_Generation[sdk=iphonesimulator*]" = YES;
				"INFOPLIST_KEY_UIApplicationSupportsIndirectInputEvents[sdk=iphoneos*]" = YES;
				"INFOPLIST_KEY_UIApplicationSupportsIndirectInputEvents[sdk=iphonesimulator*]" = YES;
				"INFOPLIST_KEY_UILaunchScreen_Generation[sdk=iphoneos*]" = YES;
				"INFOPLIST_KEY_UILaunchScreen_Generation[sdk=iphonesimulator*]" = YES;
				"INFOPLIST_KEY_UIStatusBarStyle[sdk=iphoneos*]" = UIStatusBarStyleDefault;
				"INFOPLIST_KEY_UIStatusBarStyle[sdk=iphonesimulator*]" = UIStatusBarStyleDefault;
				INFOPLIST_KEY_UISupportedInterfaceOrientations_iPad = "UIInterfaceOrientationPortrait UIInterfaceOrientationPortraitUpsideDown UIInterfaceOrientationLandscapeLeft UIInterfaceOrientationLandscapeRight";
				INFOPLIST_KEY_UISupportedInterfaceOrientations_iPhone = "UIInterfaceOrientationPortrait UIInterfaceOrientationLandscapeLeft UIInterfaceOrientationLandscapeRight";
				IPHONEOS_DEPLOYMENT_TARGET = 16.0;
				LD_RUNPATH_SEARCH_PATHS = "@executable_path/Frameworks";
				"LD_RUNPATH_SEARCH_PATHS[sdk=macosx*]" = "@executable_path/../Frameworks";
				MACOSX_DEPLOYMENT_TARGET = 13.0;
				MARKETING_VERSION = 1.0;
				PRODUCT_BUNDLE_IDENTIFIER = null.leptos.HeaderViewer;
				PRODUCT_NAME = "$(TARGET_NAME)";
				SDKROOT = auto;
				SUPPORTED_PLATFORMS = "iphoneos iphonesimulator";
				SUPPORTS_MACCATALYST = YES;
				SWIFT_EMIT_LOC_STRINGS = YES;
				SWIFT_VERSION = 5.0;
				TARGETED_DEVICE_FAMILY = "1,2,6";
			};
			name = Release;
		};
/* End XCBuildConfiguration section */

/* Begin XCConfigurationList section */
		FAD661EF2B81D1210000D2A6 /* Build configuration list for PBXProject "HeaderViewer" */ = {
			isa = XCConfigurationList;
			buildConfigurations = (
				FAD662012B81D1220000D2A6 /* Debug */,
				FAD662022B81D1220000D2A6 /* Release */,
			);
			defaultConfigurationIsVisible = 0;
			defaultConfigurationName = Release;
		};
		FAD662032B81D1220000D2A6 /* Build configuration list for PBXNativeTarget "HeaderViewer" */ = {
			isa = XCConfigurationList;
			buildConfigurations = (
				FAD662042B81D1220000D2A6 /* Debug */,
				FAD662052B81D1220000D2A6 /* Release */,
			);
			defaultConfigurationIsVisible = 0;
			defaultConfigurationName = Release;
		};
/* End XCConfigurationList section */
	};
	rootObject = FAD661EC2B81D1210000D2A6 /* Project object */;
}
